<Solution>
  <Folder Name="/Solution Items/">
    <File Path=".gitattributes" />
    <File Path=".gitignore" />
    <File Path="LICENSE" />
    <File Path="README.md" />
  </Folder>
  <Project Path="StartupInfoExDotNet.UnitTests\StartupInfoExDotNet.UnitTests.csproj" Type="Classic C#" />
  <Project Path="StartupInfoExDotNet\StartupInfoExDotNet.csproj" Type="Classic C#" />
</Solution>